
Microsoft Visual Studio Solution File, Format Version 12.00
# Visual Studio Version 16
VisualStudioVersion = 16.0.30104.148
MinimumVisualStudioVersion = 10.0.40219.1
Project("{FAE04EC0-301F-11D3-BF4B-00C04F79EFBC}") = "ServoSytem", "Hope\ServoSytem.csproj", "{F5A66DDF-AF67-4420-B5AA-8F2646450271}"
EndProject
Global
	GlobalSection(SolutionConfigurationPlatforms) = preSolution
		Debug|Any CPU = Debug|Any CPU
		Release|Any CPU = Release|Any CPU
	EndGlobalSection
	GlobalSection(ProjectConfigurationPlatforms) = postSolution
		{F5A66DDF-AF67-4420-B5AA-8F2646450271}.Debug|Any CPU.ActiveCfg = Debug|Any CPU
		{F5A66DDF-AF67-4420-B5AA-8F2646450271}.Debug|Any CPU.Build.0 = Debug|Any CPU
		{F5A66DDF-AF67-4420-B5AA-8F2646450271}.Release|Any CPU.ActiveCfg = Release|Any CPU
		{F5A66DDF-AF67-4420-B5AA-8F2646450271}.Release|Any CPU.Build.0 = Release|Any CPU
	EndGlobalSection
	GlobalSection(SolutionProperties) = preSolution
		HideSolutionNode = FALSE
	EndGlobalSection
	GlobalSection(ExtensibilityGlobals) = postSolution
		SolutionGuid = {FBE9B53F-4AD9-4087-862F-00849AC75A73}
	EndGlobalSection
EndGlobal
